Microsoft Visual Studio Solution File, Format Version 12.00
# Visual Studio Version 17
VisualStudioVersion = 17.5.2.0
MinimumVisualStudioVersion = 10.0.40219.1
Project("{2150E333-8FDC-42A3-9474-1A3956D46DE8}") = "DesignAutomation", "DesignAutomation", "{FA49EEE4-040C-D365-022C-1D1258A99545}"
EndProject
Project("{FAE04EC0-301F-11D3-BF4B-00C04F79EFBC}") = "UpdateParams", "DesignAutomation\UpdateParams\UpdateParams.csproj", "{42AD1487-79BC-8FF8-69B5-21D4742BA62E}"
EndProject
Global
	GlobalSection(SolutionConfigurationPlatforms) = preSolution
		Debug|Any CPU = Debug|Any CPU
		Release|Any CPU = Release|Any CPU
	EndGlobalSection
	GlobalSection(ProjectConfigurationPlatforms) = postSolution
		{42AD1487-79BC-8FF8-69B5-21D4742BA62E}.Debug|Any CPU.ActiveCfg = Debug|Any CPU
		{42AD1487-79BC-8FF8-69B5-21D4742BA62E}.Debug|Any CPU.Build.0 = Debug|Any CPU
		{42AD1487-79BC-8FF8-69B5-21D4742BA62E}.Release|Any CPU.ActiveCfg = Release|Any CPU
		{42AD1487-79BC-8FF8-69B5-21D4742BA62E}.Release|Any CPU.Build.0 = Release|Any CPU
	EndGlobalSection
	GlobalSection(SolutionProperties) = preSolution
		HideSolutionNode = FALSE
	EndGlobalSection
	GlobalSection(NestedProjects) = preSolution
		{42AD1487-79BC-8FF8-69B5-21D4742BA62E} = {FA49EEE4-040C-D365-022C-1D1258A99545}
	EndGlobalSection
	GlobalSection(ExtensibilityGlobals) = postSolution
		SolutionGuid = {59C8C0EC-5185-4D61-AB3C-D4E3A14EE5D4}
	EndGlobalSection
EndGlobal
